
Microsoft Visual Studio Solution File, Format Version 12.00
# Visual Studio Version 16
VisualStudioVersion = 16.0.29920.165
MinimumVisualStudioVersion = 10.0.40219.1
Project("{2150E333-8FDC-42A3-9474-1A3956D46DE8}") = "Domain", "Domain", "{A44BEAE8-5B76-4A4A-9874-B2669014B073}"
EndProject
Project("{2150E333-8FDC-42A3-9474-1A3956D46DE8}") = "Servcies", "Servcies", "{3D24444D-2FF8-4513-AC4A-04CB969DA8A0}"
EndProject
Project("{9A19103F-16F7-4668-BE54-9A1E7A4F7556}") = "BBIT.Domain", "Domain\BBIT.Domain\BBIT.Domain.csproj", "{7A6C105A-7730-4401-9635-1759A68F39FA}"
EndProject
Project("{9A19103F-16F7-4668-BE54-9A1E7A4F7556}") = "BBIT.DAL", "Servcies\BBIT.DAL\BBIT.DAL.csproj", "{6B2ECB05-7C73-43C0-986C-0E4BBE8AE59F}"
EndProject
Project("{9A19103F-16F7-4668-BE54-9A1E7A4F7556}") = "Services", "Servcies\Services\Services.csproj", "{43DD19B8-29A3-4D35-AA21-46DC38E9B706}"
EndProject
Project("{9A19103F-16F7-4668-BE54-9A1E7A4F7556}") = "Interfaces", "Servcies\Interfaces\Interfaces.csproj", "{58B6CFF0-0853-4037-938C-36428DC0DCFA}"
EndProject
Project("{9A19103F-16F7-4668-BE54-9A1E7A4F7556}") = "BBIT.WEB.Service", "Servcies\BBIT.WEB.Service\BBIT.WEB.Service.csproj", "{EAD2DEC0-0389-419F-9AE2-49B3C0AB00F9}"
EndProject
Global
	GlobalSection(SolutionConfigurationPlatforms) = preSolution
		Debug|Any CPU = Debug|Any CPU
		Release|Any CPU = Release|Any CPU
	EndGlobalSection
	GlobalSection(ProjectConfigurationPlatforms) = postSolution
		{7A6C105A-7730-4401-9635-1759A68F39FA}.Debug|Any CPU.ActiveCfg = Debug|Any CPU
		{7A6C105A-7730-4401-9635-1759A68F39FA}.Debug|Any CPU.Build.0 = Debug|Any CPU
		{7A6C105A-7730-4401-9635-1759A68F39FA}.Release|Any CPU.ActiveCfg = Release|Any CPU
		{7A6C105A-7730-4401-9635-1759A68F39FA}.Release|Any CPU.Build.0 = Release|Any CPU
		{6B2ECB05-7C73-43C0-986C-0E4BBE8AE59F}.Debug|Any CPU.ActiveCfg = Debug|Any CPU
		{6B2ECB05-7C73-43C0-986C-0E4BBE8AE59F}.Debug|Any CPU.Build.0 = Debug|Any CPU
		{6B2ECB05-7C73-43C0-986C-0E4BBE8AE59F}.Release|Any CPU.ActiveCfg = Release|Any CPU
		{6B2ECB05-7C73-43C0-986C-0E4BBE8AE59F}.Release|Any CPU.Build.0 = Release|Any CPU
		{43DD19B8-29A3-4D35-AA21-46DC38E9B706}.Debug|Any CPU.ActiveCfg = Debug|Any CPU
		{43DD19B8-29A3-4D35-AA21-46DC38E9B706}.Debug|Any CPU.Build.0 = Debug|Any CPU
		{43DD19B8-29A3-4D35-AA21-46DC38E9B706}.Release|Any CPU.ActiveCfg = Release|Any CPU
		{43DD19B8-29A3-4D35-AA21-46DC38E9B706}.Release|Any CPU.Build.0 = Release|Any CPU
		{58B6CFF0-0853-4037-938C-36428DC0DCFA}.Debug|Any CPU.ActiveCfg = Debug|Any CPU
		{58B6CFF0-0853-4037-938C-36428DC0DCFA}.Debug|Any CPU.Build.0 = Debug|Any CPU
		{58B6CFF0-0853-4037-938C-36428DC0DCFA}.Release|Any CPU.ActiveCfg = Release|Any CPU
		{58B6CFF0-0853-4037-938C-36428DC0DCFA}.Release|Any CPU.Build.0 = Release|Any CPU
		{EAD2DEC0-0389-419F-9AE2-49B3C0AB00F9}.Debug|Any CPU.ActiveCfg = Debug|Any CPU
		{EAD2DEC0-0389-419F-9AE2-49B3C0AB00F9}.Debug|Any CPU.Build.0 = Debug|Any CPU
		{EAD2DEC0-0389-419F-9AE2-49B3C0AB00F9}.Release|Any CPU.ActiveCfg = Release|Any CPU
		{EAD2DEC0-0389-419F-9AE2-49B3C0AB00F9}.Release|Any CPU.Build.0 = Release|Any CPU
	EndGlobalSection
	GlobalSection(SolutionProperties) = preSolution
		HideSolutionNode = FALSE
	EndGlobalSection
	GlobalSection(NestedProjects) = preSolution
		{7A6C105A-7730-4401-9635-1759A68F39FA} = {A44BEAE8-5B76-4A4A-9874-B2669014B073}
		{6B2ECB05-7C73-43C0-986C-0E4BBE8AE59F} = {3D24444D-2FF8-4513-AC4A-04CB969DA8A0}
		{43DD19B8-29A3-4D35-AA21-46DC38E9B706} = {3D24444D-2FF8-4513-AC4A-04CB969DA8A0}
		{58B6CFF0-0853-4037-938C-36428DC0DCFA} = {3D24444D-2FF8-4513-AC4A-04CB969DA8A0}
		{EAD2DEC0-0389-419F-9AE2-49B3C0AB00F9} = {3D24444D-2FF8-4513-AC4A-04CB969DA8A0}
	EndGlobalSection
	GlobalSection(ExtensibilityGlobals) = postSolution
		SolutionGuid = {5A723724-5BFB-4AF0-971E-632476F60CBE}
	EndGlobalSection
EndGlobal
